// !$*UTF8*$!
{
	archiveVersion = 1;
	classes = {
	};
	objectVersion = 46;
	objects = {

/* Begin PBXBuildFile section */
		4F2703F91B5FA8B6007F3465 /* AddEventViewController.swift in Sources */ = {isa = PBXBuildFile; fileRef = 4F2703F81B5FA8B6007F3465 /* AddEventViewController.swift */; };
		4F2D655F1DD72EAB005966AF /* StatsViewController.swift in Sources */ = {isa = PBXBuildFile; fileRef = 4F2D655E1DD72EAB005966AF /* StatsViewController.swift */; };
		4F5814BC1D0A10E9001F014F /* Interface.storyboard in Resources */ = {isa = PBXBuildFile; fileRef = 4F5814BA1D0A10E9001F014F /* Interface.storyboard */; };
		4F5814BE1D0A10E9001F014F /* Assets.xcassets in Resources */ = {isa = PBXBuildFile; fileRef = 4F5814BD1D0A10E9001F014F /* Assets.xcassets */; };
		4F5814C51D0A10E9001F014F /* Watch Extension.appex in Embed App Extensions */ = {isa = PBXBuildFile; fileRef = 4F5814C41D0A10E9001F014F /* Watch Extension.appex */; settings = {ATTRIBUTES = (RemoveHeadersOnCopy, ); }; };
		4F5814CA1D0A10E9001F014F /* InterfaceController.swift in Sources */ = {isa = PBXBuildFile; fileRef = 4F5814C91D0A10E9001F014F /* InterfaceController.swift */; };
		4F5814CC1D0A10E9001F014F /* ExtensionDelegate.swift in Sources */ = {isa = PBXBuildFile; fileRef = 4F5814CB1D0A10E9001F014F /* ExtensionDelegate.swift */; };
		4F5814CE1D0A10E9001F014F /* Assets.xcassets in Resources */ = {isa = PBXBuildFile; fileRef = 4F5814CD1D0A10E9001F014F /* Assets.xcassets */; };
		4F5814D21D0A10E9001F014F /* Watch.app in Embed Watch Content */ = {isa = PBXBuildFile; fileRef = 4F5814B81D0A10E9001F014F /* Watch.app */; };
		4F5814DE1D0A16EE001F014F /* EventsTableRowController.swift in Sources */ = {isa = PBXBuildFile; fileRef = 4F5814DD1D0A16EE001F014F /* EventsTableRowController.swift */; };
		4F86394B1B668B6600CC4936 /* EditEventViewController.swift in Sources */ = {isa = PBXBuildFile; fileRef = 4F86394A1B668B6600CC4936 /* EditEventViewController.swift */; };
		4FBD43B21B5FD5AC00623FCB /* EventTableCell.swift in Sources */ = {isa = PBXBuildFile; fileRef = 4FBD43B11B5FD5AC00623FCB /* EventTableCell.swift */; };
		4FC2AA2C1B5E651E0000FC86 /* AppDelegate.swift in Sources */ = {isa = PBXBuildFile; fileRef = 4FC2AA2B1B5E651E0000FC86 /* AppDelegate.swift */; };
		4FC2AA2E1B5E651E0000FC86 /* MainViewController.swift in Sources */ = {isa = PBXBuildFile; fileRef = 4FC2AA2D1B5E651E0000FC86 /* MainViewController.swift */; };
		4FC2AA301B5E651E0000FC86 /* PastEventsViewController.swift in Sources */ = {isa = PBXBuildFile; fileRef = 4FC2AA2F1B5E651E0000FC86 /* PastEventsViewController.swift */; };
		4FC2AA331B5E651E0000FC86 /* Main.storyboard in Resources */ = {isa = PBXBuildFile; fileRef = 4FC2AA311B5E651E0000FC86 /* Main.storyboard */; };
		4FC2AA351B5E651E0000FC86 /* Images.xcassets in Resources */ = {isa = PBXBuildFile; fileRef = 4FC2AA341B5E651E0000FC86 /* Images.xcassets */; };
		4FC2AA441B5E651E0000FC86 /* RecordariTests.swift in Sources */ = {isa = PBXBuildFile; fileRef = 4FC2AA431B5E651E0000FC86 /* RecordariTests.swift */; };
		4FC2AA4E1B5E66800000FC86 /* SettingsViewController.swift in Sources */ = {isa = PBXBuildFile; fileRef = 4FC2AA4D1B5E66800000FC86 /* SettingsViewController.swift */; };
		4FC2AA511B5E683D0000FC86 /* Recordari.xcdatamodeld in Sources */ = {isa = PBXBuildFile; fileRef = 4FC2AA4F1B5E683D0000FC86 /* Recordari.xcdatamodeld */; };
/* End PBXBuildFile section */

/* Begin PBXContainerItemProxy section */
		4F5814C61D0A10E9001F014F /* PBXContainerItemProxy */ = {
			isa = PBXContainerItemProxy;
			containerPortal = 4FC2AA1E1B5E651E0000FC86 /* Project object */;
			proxyType = 1;
			remoteGlobalIDString = 4F5814C31D0A10E9001F014F;
			remoteInfo = "Watch Extension";
		};
		4F5814D01D0A10E9001F014F /* PBXContainerItemProxy */ = {
			isa = PBXContainerItemProxy;
			containerPortal = 4FC2AA1E1B5E651E0000FC86 /* Project object */;
			proxyType = 1;
			remoteGlobalIDString = 4F5814B71D0A10E9001F014F;
			remoteInfo = Watch;
		};
		4FC2AA3E1B5E651E0000FC86 /* PBXContainerItemProxy */ = {
			isa = PBXContainerItemProxy;
			containerPortal = 4FC2AA1E1B5E651E0000FC86 /* Project object */;
			proxyType = 1;
			remoteGlobalIDString = 4FC2AA251B5E651E0000FC86;
			remoteInfo = Recordari;
		};
/* End PBXContainerItemProxy section */

/* Begin PBXCopyFilesBuildPhase section */
		4F5814D61D0A10E9001F014F /* Embed App Extensions */ = {
			isa = PBXCopyFilesBuildPhase;
			buildActionMask = 2147483647;
			dstPath = "";
			dstSubfolderSpec = 13;
			files = (
				4F5814C51D0A10E9001F014F /* Watch Extension.appex in Embed App Extensions */,
			);
			name = "Embed App Extensions";
			runOnlyForDeploymentPostprocessing = 0;
		};
		4F5814DA1D0A10E9001F014F /* Embed Watch Content */ = {
			isa = PBXCopyFilesBuildPhase;
			buildActionMask = 2147483647;
			dstPath = "$(CONTENTS_FOLDER_PATH)/Watch";
			dstSubfolderSpec = 16;
			files = (
				4F5814D21D0A10E9001F014F /* Watch.app in Embed Watch Content */,
			);
			name = "Embed Watch Content";
			runOnlyForDeploymentPostprocessing = 0;
		};
/* End PBXCopyFilesBuildPhase section */

/* Begin PBXFileReference section */
		4F24AEFB1B5FF637009B3D5E /* Recordari.entitlements */ = {isa = PBXFileReference; lastKnownFileType = text.xml; path = Recordari.entitlements; sourceTree = "<group>"; };
		4F2703F81B5FA8B6007F3465 /* AddEventViewController.swift */ = {isa = PBXFileReference; fileEncoding = 4; lastKnownFileType = sourcecode.swift; path = AddEventViewController.swift; sourceTree = "<group>"; };
		4F2D655E1DD72EAB005966AF /* StatsViewController.swift */ = {isa = PBXFileReference; fileEncoding = 4; lastKnownFileType = sourcecode.swift; path = StatsViewController.swift; sourceTree = "<group>"; };
		4F5814B81D0A10E9001F014F /* Watch.app */ = {isa = PBXFileReference; explicitFileType = wrapper.application; includeInIndex = 0; path = Watch.app; sourceTree = BUILT_PRODUCTS_DIR; };
		4F5814BB1D0A10E9001F014F /* Base */ = {isa = PBXFileReference; lastKnownFileType = file.storyboard; name = Base; path = Base.lproj/Interface.storyboard; sourceTree = "<group>"; };
		4F5814BD1D0A10E9001F014F /* Assets.xcassets */ = {isa = PBXFileReference; lastKnownFileType = folder.assetcatalog; path = Assets.xcassets; sourceTree = "<group>"; };
		4F5814BF1D0A10E9001F014F /* Info.plist */ = {isa = PBXFileReference; lastKnownFileType = text.plist.xml; path = Info.plist; sourceTree = "<group>"; };
		4F5814C41D0A10E9001F014F /* Watch Extension.appex */ = {isa = PBXFileReference; explicitFileType = "wrapper.app-extension"; includeInIndex = 0; path = "Watch Extension.appex"; sourceTree = BUILT_PRODUCTS_DIR; };
		4F5814C91D0A10E9001F014F /* InterfaceController.swift */ = {isa = PBXFileReference; lastKnownFileType = sourcecode.swift; path = InterfaceController.swift; sourceTree = "<group>"; };
		4F5814CB1D0A10E9001F014F /* ExtensionDelegate.swift */ = {isa = PBXFileReference; lastKnownFileType = sourcecode.swift; path = ExtensionDelegate.swift; sourceTree = "<group>"; };
		4F5814CD1D0A10E9001F014F /* Assets.xcassets */ = {isa = PBXFileReference; lastKnownFileType = folder.assetcatalog; path = Assets.xcassets; sourceTree = "<group>"; };
		4F5814CF1D0A10E9001F014F /* Info.plist */ = {isa = PBXFileReference; lastKnownFileType = text.plist.xml; path = Info.plist; sourceTree = "<group>"; };
		4F5814DD1D0A16EE001F014F /* EventsTableRowController.swift */ = {isa = PBXFileReference; fileEncoding = 4; lastKnownFileType = sourcecode.swift; path = EventsTableRowController.swift; sourceTree = "<group>"; };
		4F86394A1B668B6600CC4936 /* EditEventViewController.swift */ = {isa = PBXFileReference; fileEncoding = 4; lastKnownFileType = sourcecode.swift; path = EditEventViewController.swift; sourceTree = "<group>"; };
		4FBD43B11B5FD5AC00623FCB /* EventTableCell.swift */ = {isa = PBXFileReference; fileEncoding = 4; lastKnownFileType = sourcecode.swift; path = EventTableCell.swift; sourceTree = "<group>"; };
		4FC2AA261B5E651E0000FC86 /* Recordari.app */ = {isa = PBXFileReference; explicitFileType = wrapper.application; includeInIndex = 0; path = Recordari.app; sourceTree = BUILT_PRODUCTS_DIR; };
		4FC2AA2A1B5E651E0000FC86 /* Info.plist */ = {isa = PBXFileReference; lastKnownFileType = text.plist.xml; path = Info.plist; sourceTree = "<group>"; };
		4FC2AA2B1B5E651E0000FC86 /* AppDelegate.swift */ = {isa = PBXFileReference; lastKnownFileType = sourcecode.swift; path = AppDelegate.swift; sourceTree = "<group>"; };
		4FC2AA2D1B5E651E0000FC86 /* MainViewController.swift */ = {isa = PBXFileReference; lastKnownFileType = sourcecode.swift; path = MainViewController.swift; sourceTree = "<group>"; };
		4FC2AA2F1B5E651E0000FC86 /* PastEventsViewController.swift */ = {isa = PBXFileReference; lastKnownFileType = sourcecode.swift; path = PastEventsViewController.swift; sourceTree = "<group>"; };
		4FC2AA321B5E651E0000FC86 /* Base */ = {isa = PBXFileReference; lastKnownFileType = file.storyboard; name = Base; path = Base.lproj/Main.storyboard; sourceTree = "<group>"; };
		4FC2AA341B5E651E0000FC86 /* Images.xcassets */ = {isa = PBXFileReference; lastKnownFileType = folder.assetcatalog; path = Images.xcassets; sourceTree = "<group>"; };
		4FC2AA3D1B5E651E0000FC86 /* RecordariTests.xctest */ = {isa = PBXFileReference; explicitFileType = wrapper.cfbundle; includeInIndex = 0; path = RecordariTests.xctest; sourceTree = BUILT_PRODUCTS_DIR; };
		4FC2AA421B5E651E0000FC86 /* Info.plist */ = {isa = PBXFileReference; lastKnownFileType = text.plist.xml; path = Info.plist; sourceTree = "<group>"; };
		4FC2AA431B5E651E0000FC86 /* RecordariTests.swift */ = {isa = PBXFileReference; lastKnownFileType = sourcecode.swift; path = RecordariTests.swift; sourceTree = "<group>"; };
		4FC2AA4D1B5E66800000FC86 /* SettingsViewController.swift */ = {isa = PBXFileReference; fileEncoding = 4; lastKnownFileType = sourcecode.swift; path = SettingsViewController.swift; sourceTree = "<group>"; };
		4FC2AA501B5E683D0000FC86 /* Recordari.xcdatamodel */ = {isa = PBXFileReference; lastKnownFileType = wrapper.xcdatamodel; path = Recordari.xcdatamodel; sourceTree = "<group>"; };
/* End PBXFileReference section */

/* Begin PBXFrameworksBuildPhase section */
		4F5814C11D0A10E9001F014F /* Frameworks */ = {
			isa = PBXFrameworksBuildPhase;
			buildActionMask = 2147483647;
			files = (
			);
			runOnlyForDeploymentPostprocessing = 0;
		};
		4FC2AA231B5E651E0000FC86 /* Frameworks */ = {
			isa = PBXFrameworksBuildPhase;
			buildActionMask = 2147483647;
			files = (
			);
			runOnlyForDeploymentPostprocessing = 0;
		};
		4FC2AA3A1B5E651E0000FC86 /* Frameworks */ = {
			isa = PBXFrameworksBuildPhase;
			buildActionMask = 2147483647;
			files = (
			);
			runOnlyForDeploymentPostprocessing = 0;
		};
/* End PBXFrameworksBuildPhase section */

/* Begin PBXGroup section */
		4F5814B91D0A10E9001F014F /* Watch */ = {
			isa = PBXGroup;
			children = (
				4F5814BA1D0A10E9001F014F /* Interface.storyboard */,
				4F5814BD1D0A10E9001F014F /* Assets.xcassets */,
				4F5814BF1D0A10E9001F014F /* Info.plist */,
			);
			path = Watch;
			sourceTree = "<group>";
		};
		4F5814C81D0A10E9001F014F /* Watch Extension */ = {
			isa = PBXGroup;
			children = (
				4F5814C91D0A10E9001F014F /* InterfaceController.swift */,
				4F5814DD1D0A16EE001F014F /* EventsTableRowController.swift */,
				4F5814CB1D0A10E9001F014F /* ExtensionDelegate.swift */,
				4F5814CD1D0A10E9001F014F /* Assets.xcassets */,
				4F5814CF1D0A10E9001F014F /* Info.plist */,
			);
			path = "Watch Extension";
			sourceTree = "<group>";
		};
		4FC2AA1D1B5E651E0000FC86 = {
			isa = PBXGroup;
			children = (
				4FC2AA281B5E651E0000FC86 /* Recordari */,
				4FC2AA401B5E651E0000FC86 /* RecordariTests */,
				4F5814B91D0A10E9001F014F /* Watch */,
				4F5814C81D0A10E9001F014F /* Watch Extension */,
				4FC2AA271B5E651E0000FC86 /* Products */,
			);
			sourceTree = "<group>";
		};
		4FC2AA271B5E651E0000FC86 /* Products */ = {
			isa = PBXGroup;
			children = (
				4FC2AA261B5E651E0000FC86 /* Recordari.app */,
				4FC2AA3D1B5E651E0000FC86 /* RecordariTests.xctest */,
				4F5814B81D0A10E9001F014F /* Watch.app */,
				4F5814C41D0A10E9001F014F /* Watch Extension.appex */,
			);
			name = Products;
			sourceTree = "<group>";
		};
		4FC2AA281B5E651E0000FC86 /* Recordari */ = {
			isa = PBXGroup;
			children = (
				4F24AEFB1B5FF637009B3D5E /* Recordari.entitlements */,
				4FC2AA2B1B5E651E0000FC86 /* AppDelegate.swift */,
				4FC2AA2D1B5E651E0000FC86 /* MainViewController.swift */,
				4F2703F81B5FA8B6007F3465 /* AddEventViewController.swift */,
				4F86394A1B668B6600CC4936 /* EditEventViewController.swift */,
				4FC2AA2F1B5E651E0000FC86 /* PastEventsViewController.swift */,
				4FBD43B11B5FD5AC00623FCB /* EventTableCell.swift */,
				4FC2AA4D1B5E66800000FC86 /* SettingsViewController.swift */,
				4F2D655E1DD72EAB005966AF /* StatsViewController.swift */,
				4FC2AA311B5E651E0000FC86 /* Main.storyboard */,
				4FC2AA4F1B5E683D0000FC86 /* Recordari.xcdatamodeld */,
				4FC2AA341B5E651E0000FC86 /* Images.xcassets */,
				4FC2AA291B5E651E0000FC86 /* Supporting Files */,
			);
			path = Recordari;
			sourceTree = "<group>";
		};
		4FC2AA291B5E651E0000FC86 /* Supporting Files */ = {
			isa = PBXGroup;
			children = (
				4FC2AA2A1B5E651E0000FC86 /* Info.plist */,
			);
			name = "Supporting Files";
			sourceTree = "<group>";
		};
		4FC2AA401B5E651E0000FC86 /* RecordariTests */ = {
			isa = PBXGroup;
			children = (
				4FC2AA431B5E651E0000FC86 /* RecordariTests.swift */,
				4FC2AA411B5E651E0000FC86 /* Supporting Files */,
			);
			path = RecordariTests;
			sourceTree = "<group>";
		};
		4FC2AA411B5E651E0000FC86 /* Supporting Files */ = {
			isa = PBXGroup;
			children = (
				4FC2AA421B5E651E0000FC86 /* Info.plist */,
			);
			name = "Supporting Files";
			sourceTree = "<group>";
		};
/* End PBXGroup section */

/* Begin PBXNativeTarget section */
		4F5814B71D0A10E9001F014F /* Watch */ = {
			isa = PBXNativeTarget;
			buildConfigurationList = 4F5814D71D0A10E9001F014F /* Build configuration list for PBXNativeTarget "Watch" */;
			buildPhases = (
				4F5814B61D0A10E9001F014F /* Resources */,
				4F5814D61D0A10E9001F014F /* Embed App Extensions */,
			);
			buildRules = (
			);
			dependencies = (
				4F5814C71D0A10E9001F014F /* PBXTargetDependency */,
			);
			name = Watch;
			productName = Watch;
			productReference = 4F5814B81D0A10E9001F014F /* Watch.app */;
			productType = "com.apple.product-type.application.watchapp2";
		};
		4F5814C31D0A10E9001F014F /* Watch Extension */ = {
			isa = PBXNativeTarget;
			buildConfigurationList = 4F5814D31D0A10E9001F014F /* Build configuration list for PBXNativeTarget "Watch Extension" */;
			buildPhases = (
				4F5814C01D0A10E9001F014F /* Sources */,
				4F5814C11D0A10E9001F014F /* Frameworks */,
				4F5814C21D0A10E9001F014F /* Resources */,
			);
			buildRules = (
			);
			dependencies = (
			);
			name = "Watch Extension";
			productName = "Watch Extension";
			productReference = 4F5814C41D0A10E9001F014F /* Watch Extension.appex */;
			productType = "com.apple.product-type.watchkit2-extension";
		};
		4FC2AA251B5E651E0000FC86 /* Recordari */ = {
			isa = PBXNativeTarget;
			buildConfigurationList = 4FC2AA471B5E651E0000FC86 /* Build configuration list for PBXNativeTarget "Recordari" */;
			buildPhases = (
				4FC2AA221B5E651E0000FC86 /* Sources */,
				4FC2AA231B5E651E0000FC86 /* Frameworks */,
				4FC2AA241B5E651E0000FC86 /* Resources */,
				4F5814DA1D0A10E9001F014F /* Embed Watch Content */,
			);
			buildRules = (
			);
			dependencies = (
				4F5814D11D0A10E9001F014F /* PBXTargetDependency */,
			);
			name = Recordari;
			productName = Recordari;
			productReference = 4FC2AA261B5E651E0000FC86 /* Recordari.app */;
			productType = "com.apple.product-type.application";
		};
		4FC2AA3C1B5E651E0000FC86 /* RecordariTests */ = {
			isa = PBXNativeTarget;
			buildConfigurationList = 4FC2AA4A1B5E651E0000FC86 /* Build configuration list for PBXNativeTarget "RecordariTests" */;
			buildPhases = (
				4FC2AA391B5E651E0000FC86 /* Sources */,
				4FC2AA3A1B5E651E0000FC86 /* Frameworks */,
				4FC2AA3B1B5E651E0000FC86 /* Resources */,
			);
			buildRules = (
			);
			dependencies = (
				4FC2AA3F1B5E651E0000FC86 /* PBXTargetDependency */,
			);
			name = RecordariTests;
			productName = RecordariTests;
			productReference = 4FC2AA3D1B5E651E0000FC86 /* RecordariTests.xctest */;
			productType = "com.apple.product-type.bundle.unit-test";
		};
/* End PBXNativeTarget section */

/* Begin PBXProject section */
		4FC2AA1E1B5E651E0000FC86 /* Project object */ = {
			isa = PBXProject;
			attributes = {
				LastSwiftMigration = 0730;
				LastSwiftUpdateCheck = 0730;
				LastUpgradeCheck = 0810;
				ORGANIZATIONNAME = "Bruno Bernardino";
				TargetAttributes = {
					4F5814B71D0A10E9001F014F = {
						CreatedOnToolsVersion = 7.3.1;
						DevelopmentTeam = BR4RWWLMM9;
						LastSwiftMigration = 0810;
					};
					4F5814C31D0A10E9001F014F = {
						CreatedOnToolsVersion = 7.3.1;
						DevelopmentTeam = BR4RWWLMM9;
						LastSwiftMigration = 0810;
					};
					4FC2AA251B5E651E0000FC86 = {
						CreatedOnToolsVersion = 6.4;
						DevelopmentTeam = BR4RWWLMM9;
						LastSwiftMigration = 0810;
						SystemCapabilities = {
							com.apple.iCloud = {
								enabled = 1;
							};
						};
					};
					4FC2AA3C1B5E651E0000FC86 = {
						CreatedOnToolsVersion = 6.4;
						LastSwiftMigration = 0810;
						TestTargetID = 4FC2AA251B5E651E0000FC86;
					};
				};
			};
			buildConfigurationList = 4FC2AA211B5E651E0000FC86 /* Build configuration list for PBXProject "Recordari" */;
			compatibilityVersion = "Xcode 3.2";
			developmentRegion = English;
			hasScannedForEncodings = 0;
			knownRegions = (
				en,
				Base,
			);
			mainGroup = 4FC2AA1D1B5E651E0000FC86;
			productRefGroup = 4FC2AA271B5E651E0000FC86 /* Products */;
			projectDirPath = "";
			projectRoot = "";
			targets = (
				4FC2AA251B5E651E0000FC86 /* Recordari */,
				4FC2AA3C1B5E651E0000FC86 /* RecordariTests */,
				4F5814B71D0A10E9001F014F /* Watch */,
				4F5814C31D0A10E9001F014F /* Watch Extension */,
			);
		};
/* End PBXProject section */

/* Begin PBXResourcesBuildPhase section */
		4F5814B61D0A10E9001F014F /* Resources */ = {
			isa = PBXResourcesBuildPhase;
			buildActionMask = 2147483647;
			files = (
				4F5814BE1D0A10E9001F014F /* Assets.xcassets in Resources */,
				4F5814BC1D0A10E9001F014F /* Interface.storyboard in Resources */,
			);
			runOnlyForDeploymentPostprocessing = 0;
		};
		4F5814C21D0A10E9001F014F /* Resources */ = {
			isa = PBXResourcesBuildPhase;
			buildActionMask = 2147483647;
			files = (
				4F5814CE1D0A10E9001F014F /* Assets.xcassets in Resources */,
			);
			runOnlyForDeploymentPostprocessing = 0;
		};
		4FC2AA241B5E651E0000FC86 /* Resources */ = {
			isa = PBXResourcesBuildPhase;
			buildActionMask = 2147483647;
			files = (
				4FC2AA331B5E651E0000FC86 /* Main.storyboard in Resources */,
				4FC2AA351B5E651E0000FC86 /* Images.xcassets in Resources */,
			);
			runOnlyForDeploymentPostprocessing = 0;
		};
		4FC2AA3B1B5E651E0000FC86 /* Resources */ = {
			isa = PBXResourcesBuildPhase;
			buildActionMask = 2147483647;
			files = (
			);
			runOnlyForDeploymentPostprocessing = 0;
		};
/* End PBXResourcesBuildPhase section */

/* Begin PBXSourcesBuildPhase section */
		4F5814C01D0A10E9001F014F /* Sources */ = {
			isa = PBXSourcesBuildPhase;
			buildActionMask = 2147483647;
			files = (
				4F5814CC1D0A10E9001F014F /* ExtensionDelegate.swift in Sources */,
				4F5814CA1D0A10E9001F014F /* InterfaceController.swift in Sources */,
				4F5814DE1D0A16EE001F014F /* EventsTableRowController.swift in Sources */,
			);
			runOnlyForDeploymentPostprocessing = 0;
		};
		4FC2AA221B5E651E0000FC86 /* Sources */ = {
			isa = PBXSourcesBuildPhase;
			buildActionMask = 2147483647;
			files = (
				4FC2AA301B5E651E0000FC86 /* PastEventsViewController.swift in Sources */,
				4FBD43B21B5FD5AC00623FCB /* EventTableCell.swift in Sources */,
				4FC2AA2C1B5E651E0000FC86 /* AppDelegate.swift in Sources */,
				4FC2AA511B5E683D0000FC86 /* Recordari.xcdatamodeld in Sources */,
				4F2703F91B5FA8B6007F3465 /* AddEventViewController.swift in Sources */,
				4F86394B1B668B6600CC4936 /* EditEventViewController.swift in Sources */,
				4FC2AA2E1B5E651E0000FC86 /* MainViewController.swift in Sources */,
				4F2D655F1DD72EAB005966AF /* StatsViewController.swift in Sources */,
				4FC2AA4E1B5E66800000FC86 /* SettingsViewController.swift in Sources */,
			);
			runOnlyForDeploymentPostprocessing = 0;
		};
		4FC2AA391B5E651E0000FC86 /* Sources */ = {
			isa = PBXSourcesBuildPhase;
			buildActionMask = 2147483647;
			files = (
				4FC2AA441B5E651E0000FC86 /* RecordariTests.swift in Sources */,
			);
			runOnlyForDeploymentPostprocessing = 0;
		};
/* End PBXSourcesBuildPhase section */

/* Begin PBXTargetDependency section */
		4F5814C71D0A10E9001F014F /* PBXTargetDependency */ = {
			isa = PBXTargetDependency;
			target = 4F5814C31D0A10E9001F014F /* Watch Extension */;
			targetProxy = 4F5814C61D0A10E9001F014F /* PBXContainerItemProxy */;
		};
		4F5814D11D0A10E9001F014F /* PBXTargetDependency */ = {
			isa = PBXTargetDependency;
			target = 4F5814B71D0A10E9001F014F /* Watch */;
			targetProxy = 4F5814D01D0A10E9001F014F /* PBXContainerItemProxy */;
		};
		4FC2AA3F1B5E651E0000FC86 /* PBXTargetDependency */ = {
			isa = PBXTargetDependency;
			target = 4FC2AA251B5E651E0000FC86 /* Recordari */;
			targetProxy = 4FC2AA3E1B5E651E0000FC86 /* PBXContainerItemProxy */;
		};
/* End PBXTargetDependency section */

/* Begin PBXVariantGroup section */
		4F5814BA1D0A10E9001F014F /* Interface.storyboard */ = {
			isa = PBXVariantGroup;
			children = (
				4F5814BB1D0A10E9001F014F /* Base */,
			);
			name = Interface.storyboard;
			sourceTree = "<group>";
		};
		4FC2AA311B5E651E0000FC86 /* Main.storyboard */ = {
			isa = PBXVariantGroup;
			children = (
				4FC2AA321B5E651E0000FC86 /* Base */,
			);
			name = Main.storyboard;
			sourceTree = "<group>";
		};
/* End PBXVariantGroup section */

/* Begin XCBuildConfiguration section */
		4F5814D41D0A10E9001F014F /* Debug */ = {
			isa = XCBuildConfiguration;
			buildSettings = {
				CLANG_ANALYZER_NONNULL = YES;
				CODE_SIGN_IDENTITY = "iPhone Developer";
				DEBUG_INFORMATION_FORMAT = dwarf;
				DEVELOPMENT_TEAM = BR4RWWLMM9;
				INFOPLIST_FILE = "Watch Extension/Info.plist";
				LD_RUNPATH_SEARCH_PATHS = "$(inherited) @executable_path/Frameworks @executable_path/../../Frameworks";
				PRODUCT_BUNDLE_IDENTIFIER = com.emotionloop.Recordari.watchkitapp.watchkitextension;
				PRODUCT_NAME = "${TARGET_NAME}";
				SDKROOT = watchos;
				SKIP_INSTALL = YES;
				SWIFT_VERSION = 3.0;
				TARGETED_DEVICE_FAMILY = 4;
				WATCHOS_DEPLOYMENT_TARGET = 2.2;
			};
			name = Debug;
		};
		4F5814D51D0A10E9001F014F /* Release */ = {
			isa = XCBuildConfiguration;
			buildSettings = {
				CLANG_ANALYZER_NONNULL = YES;
				CODE_SIGN_IDENTITY = "iPhone Developer";
				DEVELOPMENT_TEAM = BR4RWWLMM9;
				INFOPLIST_FILE = "Watch Extension/Info.plist";
				LD_RUNPATH_SEARCH_PATHS = "$(inherited) @executable_path/Frameworks @executable_path/../../Frameworks";
				PRODUCT_BUNDLE_IDENTIFIER = com.emotionloop.Recordari.watchkitapp.watchkitextension;
				PRODUCT_NAME = "${TARGET_NAME}";
				SDKROOT = watchos;
				SKIP_INSTALL = YES;
				SWIFT_VERSION = 3.0;
				TARGETED_DEVICE_FAMILY = 4;
				WATCHOS_DEPLOYMENT_TARGET = 2.2;
			};
			name = Release;
		};
		4F5814D81D0A10E9001F014F /* Debug */ = {
			isa = XCBuildConfiguration;
			buildSettings = {
				ALWAYS_EMBED_SWIFT_STANDARD_LIBRARIES = YES;
				ASSETCATALOG_COMPILER_APPICON_NAME = AppIcon;
				CLANG_ANALYZER_NONNULL = YES;
				CODE_SIGN_IDENTITY = "iPhone Developer";
				"CODE_SIGN_IDENTITY[sdk=iphoneos*]" = "iPhone Developer";
				DEBUG_INFORMATION_FORMAT = dwarf;
				DEVELOPMENT_TEAM = BR4RWWLMM9;
				IBSC_MODULE = Watch_Extension;
				INFOPLIST_FILE = Watch/Info.plist;
				PRODUCT_BUNDLE_IDENTIFIER = com.emotionloop.Recordari.watchkitapp;
				PRODUCT_NAME = "$(TARGET_NAME)";
				SDKROOT = watchos;
				SKIP_INSTALL = YES;
				SWIFT_VERSION = 3.0;
				TARGETED_DEVICE_FAMILY = 4;
				WATCHOS_DEPLOYMENT_TARGET = 2.2;
			};
			name = Debug;
		};
		4F5814D91D0A10E9001F014F /* Release */ = {
			isa = XCBuildConfiguration;
			buildSettings = {
				ALWAYS_EMBED_SWIFT_STANDARD_LIBRARIES = YES;
				ASSETCATALOG_COMPILER_APPICON_NAME = AppIcon;
				CLANG_ANALYZER_NONNULL = YES;
				CODE_SIGN_IDENTITY = "iPhone Developer";
				"CODE_SIGN_IDENTITY[sdk=iphoneos*]" = "iPhone Developer";
				DEVELOPMENT_TEAM = BR4RWWLMM9;
				IBSC_MODULE = Watch_Extension;
				INFOPLIST_FILE = Watch/Info.plist;
				PRODUCT_BUNDLE_IDENTIFIER = com.emotionloop.Recordari.watchkitapp;
				PRODUCT_NAME = "$(TARGET_NAME)";
				SDKROOT = watchos;
				SKIP_INSTALL = YES;
				SWIFT_VERSION = 3.0;
				TARGETED_DEVICE_FAMILY = 4;
				WATCHOS_DEPLOYMENT_TARGET = 2.2;
			};
			name = Release;
		};
		4FC2AA451B5E651E0000FC86 /* Debug */ = {
			isa = XCBuildConfiguration;
			buildSettings = {
				ALWAYS_SEARCH_USER_PATHS = NO;
				CLANG_CXX_LANGUAGE_STANDARD = "gnu++0x";
				CLANG_CXX_LIBRARY = "libc++";
				CLANG_ENABLE_MODULES = YES;
				CLANG_ENABLE_OBJC_ARC = YES;
				CLANG_WARN_BOOL_CONVERSION = YES;
				CLANG_WARN_CONSTANT_CONVERSION = YES;
				CLANG_WARN_DIRECT_OBJC_ISA_USAGE = YES_ERROR;
				CLANG_WARN_EMPTY_BODY = YES;
				CLANG_WARN_ENUM_CONVERSION = YES;
				CLANG_WARN_INFINITE_RECURSION = YES;
				CLANG_WARN_INT_CONVERSION = YES;
				CLANG_WARN_OBJC_ROOT_CLASS = YES_ERROR;
				CLANG_WARN_SUSPICIOUS_MOVE = YES;
				CLANG_WARN_UNREACHABLE_CODE = YES;
				CLANG_WARN__DUPLICATE_METHOD_MATCH = YES;
				"CODE_SIGN_IDENTITY[sdk=iphoneos*]" = "iPhone Developer";
				COPY_PHASE_STRIP = NO;
				DEBUG_INFORMATION_FORMAT = "dwarf-with-dsym";
				ENABLE_STRICT_OBJC_MSGSEND = YES;
				ENABLE_TESTABILITY = YES;
				GCC_C_LANGUAGE_STANDARD = gnu99;
				GCC_DYNAMIC_NO_PIC = NO;
				GCC_NO_COMMON_BLOCKS = YES;
				GCC_OPTIMIZATION_LEVEL = 0;
				GCC_PREPROCESSOR_DEFINITIONS = (
					"DEBUG=1",
					"$(inherited)",
				);
				GCC_SYMBOLS_PRIVATE_EXTERN = NO;
				GCC_WARN_64_TO_32_BIT_CONVERSION = YES;
				GCC_WARN_ABOUT_RETURN_TYPE = YES_ERROR;
				GCC_WARN_UNDECLARED_SELECTOR = YES;
				GCC_WARN_UNINITIALIZED_AUTOS = YES_AGGRESSIVE;
				GCC_WARN_UNUSED_FUNCTION = YES;
				GCC_WARN_UNUSED_VARIABLE = YES;
				IPHONEOS_DEPLOYMENT_TARGET = 8.0;
				MTL_ENABLE_DEBUG_INFO = YES;
				ONLY_ACTIVE_ARCH = YES;
				SDKROOT = iphoneos;
				SWIFT_OPTIMIZATION_LEVEL = "-Onone";
			};
			name = Debug;
		};
		4FC2AA461B5E651E0000FC86 /* Release */ = {
			isa = XCBuildConfiguration;
			buildSettings = {
				ALWAYS_SEARCH_USER_PATHS = NO;
				CLANG_CXX_LANGUAGE_STANDARD = "gnu++0x";
				CLANG_CXX_LIBRARY = "libc++";
				CLANG_ENABLE_MODULES = YES;
				CLANG_ENABLE_OBJC_ARC = YES;
				CLANG_WARN_BOOL_CONVERSION = YES;
				CLANG_WARN_CONSTANT_CONVERSION = YES;
				CLANG_WARN_DIRECT_OBJC_ISA_USAGE = YES_ERROR;
				CLANG_WARN_EMPTY_BODY = YES;
				CLANG_WARN_ENUM_CONVERSION = YES;
				CLANG_WARN_INFINITE_RECURSION = YES;
				CLANG_WARN_INT_CONVERSION = YES;
				CLANG_WARN_OBJC_ROOT_CLASS = YES_ERROR;
				CLANG_WARN_SUSPICIOUS_MOVE = YES;
				CLANG_WARN_UNREACHABLE_CODE = YES;
				CLANG_WARN__DUPLICATE_METHOD_MATCH = YES;
				"CODE_SIGN_IDENTITY[sdk=iphoneos*]" = "iPhone Developer";
				COPY_PHASE_STRIP = NO;
				DEBUG_INFORMATION_FORMAT = "dwarf-with-dsym";
				ENABLE_NS_ASSERTIONS = NO;
				ENABLE_STRICT_OBJC_MSGSEND = YES;
				GCC_C_LANGUAGE_STANDARD = gnu99;
				GCC_NO_COMMON_BLOCKS = YES;
				GCC_WARN_64_TO_32_BIT_CONVERSION = YES;
				GCC_WARN_ABOUT_RETURN_TYPE = YES_ERROR;
				GCC_WARN_UNDECLARED_SELECTOR = YES;
				GCC_WARN_UNINITIALIZED_AUTOS = YES_AGGRESSIVE;
				GCC_WARN_UNUSED_FUNCTION = YES;
				GCC_WARN_UNUSED_VARIABLE = YES;
				IPHONEOS_DEPLOYMENT_TARGET = 8.0;
				MTL_ENABLE_DEBUG_INFO = NO;
				SDKROOT = iphoneos;
				SWIFT_OPTIMIZATION_LEVEL = "-Owholemodule";
				VALIDATE_PRODUCT = YES;
			};
			name = Release;
		};
		4FC2AA481B5E651E0000FC86 /* Debug */ = {
			isa = XCBuildConfiguration;
			buildSettings = {
				ASSETCATALOG_COMPILER_APPICON_NAME = AppIcon;
				ASSETCATALOG_COMPILER_LAUNCHIMAGE_NAME = LaunchImage;
				CODE_SIGN_ENTITLEMENTS = Recordari/Recordari.entitlements;
				CODE_SIGN_IDENTITY = "iPhone Developer";
				"CODE_SIGN_IDENTITY[sdk=iphoneos*]" = "iPhone Developer";
				DEVELOPMENT_TEAM = BR4RWWLMM9;
				INFOPLIST_FILE = Recordari/Info.plist;
				IPHONEOS_DEPLOYMENT_TARGET = 8.0;
				LD_RUNPATH_SEARCH_PATHS = "$(inherited) @executable_path/Frameworks";
				PRODUCT_BUNDLE_IDENTIFIER = "com.emotionloop.$(PRODUCT_NAME:rfc1034identifier)";
				PRODUCT_NAME = "$(TARGET_NAME)";
				PROVISIONING_PROFILE = "";
				SWIFT_VERSION = 3.0;
				TARGETED_DEVICE_FAMILY = "1,2";
			};
			name = Debug;
		};
		4FC2AA491B5E651E0000FC86 /* Release */ = {
			isa = XCBuildConfiguration;
			buildSettings = {
				ASSETCATALOG_COMPILER_APPICON_NAME = AppIcon;
				ASSETCATALOG_COMPILER_LAUNCHIMAGE_NAME = LaunchImage;
				CODE_SIGN_ENTITLEMENTS = Recordari/Recordari.entitlements;
				CODE_SIGN_IDENTITY = "iPhone Developer";
				"CODE_SIGN_IDENTITY[sdk=iphoneos*]" = "iPhone Developer";
				DEVELOPMENT_TEAM = BR4RWWLMM9;
				INFOPLIST_FILE = Recordari/Info.plist;
				IPHONEOS_DEPLOYMENT_TARGET = 8.0;
				LD_RUNPATH_SEARCH_PATHS = "$(inherited) @executable_path/Frameworks";
				PRODUCT_BUNDLE_IDENTIFIER = "com.emotionloop.$(PRODUCT_NAME:rfc1034identifier)";
				PRODUCT_NAME = "$(TARGET_NAME)";
				PROVISIONING_PROFILE = "";
				SWIFT_VERSION = 3.0;
				TARGETED_DEVICE_FAMILY = "1,2";
			};
			name = Release;
		};
		4FC2AA4B1B5E651E0000FC86 /* Debug */ = {
			isa = XCBuildConfiguration;
			buildSettings = {
				BUNDLE_LOADER = "$(TEST_HOST)";
				FRAMEWORK_SEARCH_PATHS = (
					"$(SDKROOT)/Developer/Library/Frameworks",
					"$(inherited)",
				);
				GCC_PREPROCESSOR_DEFINITIONS = (
					"DEBUG=1",
					"$(inherited)",
				);
				INFOPLIST_FILE = RecordariTests/Info.plist;
				LD_RUNPATH_SEARCH_PATHS = "$(inherited) @executable_path/Frameworks @loader_path/Frameworks";
				PRODUCT_BUNDLE_IDENTIFIER = "com.emotionloop.$(PRODUCT_NAME:rfc1034identifier)";
				PRODUCT_NAME = "$(TARGET_NAME)";
				SWIFT_VERSION = 3.0;
				TEST_HOST = "$(BUILT_PRODUCTS_DIR)/Recordari.app/Recordari";
			};
			name = Debug;
		};
		4FC2AA4C1B5E651E0000FC86 /* Release */ = {
			isa = XCBuildConfiguration;
			buildSettings = {
				BUNDLE_LOADER = "$(TEST_HOST)";
				FRAMEWORK_SEARCH_PATHS = (
					"$(SDKROOT)/Developer/Library/Frameworks",
					"$(inherited)",
				);
				INFOPLIST_FILE = RecordariTests/Info.plist;
				LD_RUNPATH_SEARCH_PATHS = "$(inherited) @executable_path/Frameworks @loader_path/Frameworks";
				PRODUCT_BUNDLE_IDENTIFIER = "com.emotionloop.$(PRODUCT_NAME:rfc1034identifier)";
				PRODUCT_NAME = "$(TARGET_NAME)";
				SWIFT_VERSION = 3.0;
				TEST_HOST = "$(BUILT_PRODUCTS_DIR)/Recordari.app/Recordari";
			};
			name = Release;
		};
/* End XCBuildConfiguration section */

/* Begin XCConfigurationList section */
		4F5814D31D0A10E9001F014F /* Build configuration list for PBXNativeTarget "Watch Extension" */ = {
			isa = XCConfigurationList;
			buildConfigurations = (
				4F5814D41D0A10E9001F014F /* Debug */,
				4F5814D51D0A10E9001F014F /* Release */,
			);
			defaultConfigurationIsVisible = 0;
			defaultConfigurationName = Release;
		};
		4F5814D71D0A10E9001F014F /* Build configuration list for PBXNativeTarget "Watch" */ = {
			isa = XCConfigurationList;
			buildConfigurations = (
				4F5814D81D0A10E9001F014F /* Debug */,
				4F5814D91D0A10E9001F014F /* Release */,
			);
			defaultConfigurationIsVisible = 0;
			defaultConfigurationName = Release;
		};
		4FC2AA211B5E651E0000FC86 /* Build configuration list for PBXProject "Recordari" */ = {
			isa = XCConfigurationList;
			buildConfigurations = (
				4FC2AA451B5E651E0000FC86 /* Debug */,
				4FC2AA461B5E651E0000FC86 /* Release */,
			);
			defaultConfigurationIsVisible = 0;
			defaultConfigurationName = Release;
		};
		4FC2AA471B5E651E0000FC86 /* Build configuration list for PBXNativeTarget "Recordari" */ = {
			isa = XCConfigurationList;
			buildConfigurations = (
				4FC2AA481B5E651E0000FC86 /* Debug */,
				4FC2AA491B5E651E0000FC86 /* Release */,
			);
			defaultConfigurationIsVisible = 0;
			defaultConfigurationName = Release;
		};
		4FC2AA4A1B5E651E0000FC86 /* Build configuration list for PBXNativeTarget "RecordariTests" */ = {
			isa = XCConfigurationList;
			buildConfigurations = (
				4FC2AA4B1B5E651E0000FC86 /* Debug */,
				4FC2AA4C1B5E651E0000FC86 /* Release */,
			);
			defaultConfigurationIsVisible = 0;
			defaultConfigurationName = Release;
		};
/* End XCConfigurationList section */

/* Begin XCVersionGroup section */
		4FC2AA4F1B5E683D0000FC86 /* Recordari.xcdatamodeld */ = {
			isa = XCVersionGroup;
			children = (
				4FC2AA501B5E683D0000FC86 /* Recordari.xcdatamodel */,
			);
			currentVersion = 4FC2AA501B5E683D0000FC86 /* Recordari.xcdatamodel */;
			path = Recordari.xcdatamodeld;
			sourceTree = "<group>";
			versionGroupType = wrapper.xcdatamodel;
		};
/* End XCVersionGroup section */
	};
	rootObject = 4FC2AA1E1B5E651E0000FC86 /* Project object */;
}
